Microsoft Visual Studio Solution File, Format Version 12.00
# Visual Studio Version 17
VisualStudioVersion = 17.5.2.0
MinimumVisualStudioVersion = 10.0.40219.1
Project("{FAE04EC0-301F-11D3-BF4B-00C04F79EFBC}") = "Aula17", "Aula17.csproj", "{DE1DA7F1-1DED-9335-A0FA-FB659ADC145F}"
EndProject
Global
	GlobalSection(SolutionConfigurationPlatforms) = preSolution
		Debug|Any CPU = Debug|Any CPU
		Release|Any CPU = Release|Any CPU
	EndGlobalSection
	GlobalSection(ProjectConfigurationPlatforms) = postSolution
		{DE1DA7F1-1DED-9335-A0FA-FB659ADC145F}.Debug|Any CPU.ActiveCfg = Debug|Any CPU
		{DE1DA7F1-1DED-9335-A0FA-FB659ADC145F}.Debug|Any CPU.Build.0 = Debug|Any CPU
		{DE1DA7F1-1DED-9335-A0FA-FB659ADC145F}.Release|Any CPU.ActiveCfg = Release|Any CPU
		{DE1DA7F1-1DED-9335-A0FA-FB659ADC145F}.Release|Any CPU.Build.0 = Release|Any CPU
	EndGlobalSection
	GlobalSection(SolutionProperties) = preSolution
		HideSolutionNode = FALSE
	EndGlobalSection
	GlobalSection(ExtensibilityGlobals) = postSolution
		SolutionGuid = {51C30A11-A3BE-4F2A-8F34-B3C5F0BEBACC}
	EndGlobalSection
EndGlobal
